Microsoft Visual Studio Solution File, Format Version 12.00
# Visual Studio Version 17
VisualStudioVersion = 17.5.2.0
MinimumVisualStudioVersion = 10.0.40219.1
Project("{FAE04EC0-301F-11D3-BF4B-00C04F79EFBC}") = "BookOrganizer", "BookOrganizer.csproj", "{1C9F1DD1-3B48-005C-6795-6CE0B61BFFAD}"
EndProject
Global
	GlobalSection(SolutionConfigurationPlatforms) = preSolution
		Debug|Any CPU = Debug|Any CPU
		Release|Any CPU = Release|Any CPU
	EndGlobalSection
	GlobalSection(ProjectConfigurationPlatforms) = postSolution
		{1C9F1DD1-3B48-005C-6795-6CE0B61BFFAD}.Debug|Any CPU.ActiveCfg = Debug|Any CPU
		{1C9F1DD1-3B48-005C-6795-6CE0B61BFFAD}.Debug|Any CPU.Build.0 = Debug|Any CPU
		{1C9F1DD1-3B48-005C-6795-6CE0B61BFFAD}.Release|Any CPU.ActiveCfg = Release|Any CPU
		{1C9F1DD1-3B48-005C-6795-6CE0B61BFFAD}.Release|Any CPU.Build.0 = Release|Any CPU
	EndGlobalSection
	GlobalSection(SolutionProperties) = preSolution
		HideSolutionNode = FALSE
	EndGlobalSection
	GlobalSection(ExtensibilityGlobals) = postSolution
		SolutionGuid = {A77E0301-699A-4705-87CD-39F3489014FF}
	EndGlobalSection
EndGlobal
